
Microsoft Visual Studio Solution File, Format Version 12.00
# Visual Studio 2012
Project("{FAE04EC0-301F-11D3-BF4B-00C04F79EFBC}") = "HopeToGod", "HopeToGod\HopeToGod.csproj", "{652D427F-243D-4566-B615-B930AFDEAECB}"
EndProject
Project("{FAE04EC0-301F-11D3-BF4B-00C04F79EFBC}") = "HopeToGodTest", "HopeToGodTest\HopeToGodTest.csproj", "{41B9A713-ED2F-4A52-907B-C97E9A375BAB}"
EndProject
Project("{2150E333-8FDC-42A3-9474-1A3956D46DE8}") = "Solution Items", "Solution Items", "{A5C4336C-4B19-4394-8170-D9F2F5FF8F2E}"
	ProjectSection(SolutionItems) = preProject
		build.sh = build.sh
		run-tests.sh = run-tests.sh
		after-success.sh = after-success.sh
	EndProjectSection
EndProject
Global
	GlobalSection(SolutionConfigurationPlatforms) = preSolution
		Debug|Any CPU = Debug|Any CPU
		Release|Any CPU = Release|Any CPU
	EndGlobalSection
	GlobalSection(ProjectConfigurationPlatforms) = postSolution
		{652D427F-243D-4566-B615-B930AFDEAECB}.Debug|Any CPU.ActiveCfg = Debug|Any CPU
		{652D427F-243D-4566-B615-B930AFDEAECB}.Debug|Any CPU.Build.0 = Debug|Any CPU
		{652D427F-243D-4566-B615-B930AFDEAECB}.Release|Any CPU.ActiveCfg = Release|Any CPU
		{652D427F-243D-4566-B615-B930AFDEAECB}.Release|Any CPU.Build.0 = Release|Any CPU
		{41B9A713-ED2F-4A52-907B-C97E9A375BAB}.Debug|Any CPU.ActiveCfg = Debug|Any CPU
		{41B9A713-ED2F-4A52-907B-C97E9A375BAB}.Debug|Any CPU.Build.0 = Debug|Any CPU
		{41B9A713-ED2F-4A52-907B-C97E9A375BAB}.Release|Any CPU.ActiveCfg = Release|Any CPU
		{41B9A713-ED2F-4A52-907B-C97E9A375BAB}.Release|Any CPU.Build.0 = Release|Any CPU
	EndGlobalSection
EndGlobal
